
Microsoft Visual Studio Solution File, Format Version 12.00
# Visual Studio Version 16
VisualStudioVersion = 16.0.34031.81
MinimumVisualStudioVersion = 10.0.40219.1
Project("{FAE04EC0-301F-11D3-BF4B-00C04F79EFBC}") = "Chuong3_DaHinh_Bai2", "Chuong3_DaHinh_Bai2\Chuong3_DaHinh_Bai2.csproj", "{9EE3FB02-D99D-4261-AED6-7E31CEABAE38}"
EndProject
Global
	GlobalSection(SolutionConfigurationPlatforms) = preSolution
		Debug|Any CPU = Debug|Any CPU
		Release|Any CPU = Release|Any CPU
	EndGlobalSection
	GlobalSection(ProjectConfigurationPlatforms) = postSolution
		{9EE3FB02-D99D-4261-AED6-7E31CEABAE38}.Debug|Any CPU.ActiveCfg = Debug|Any CPU
		{9EE3FB02-D99D-4261-AED6-7E31CEABAE38}.Debug|Any CPU.Build.0 = Debug|Any CPU
		{9EE3FB02-D99D-4261-AED6-7E31CEABAE38}.Release|Any CPU.ActiveCfg = Release|Any CPU
		{9EE3FB02-D99D-4261-AED6-7E31CEABAE38}.Release|Any CPU.Build.0 = Release|Any CPU
	EndGlobalSection
	GlobalSection(SolutionProperties) = preSolution
		HideSolutionNode = FALSE
	EndGlobalSection
	GlobalSection(ExtensibilityGlobals) = postSolution
		SolutionGuid = {50FCAE52-194D-4B65-9938-C3AF8320D259}
	EndGlobalSection
EndGlobal
